
Microsoft Visual Studio Solution File, Format Version 12.00
# Visual Studio 2013
VisualStudioVersion = 12.0.21005.1
MinimumVisualStudioVersion = 10.0.40219.1
Project("{FAE04EC0-301F-11D3-BF4B-00C04F79EFBC}") = "APP_MVC02a", "APP_MVC02a\APP_MVC02a.csproj", "{F39D375E-0F8B-4CFA-BC4A-B64A3B4741D0}"
EndProject
Global
	GlobalSection(SolutionConfigurationPlatforms) = preSolution
		Debug|Any CPU = Debug|Any CPU
		Release|Any CPU = Release|Any CPU
	EndGlobalSection
	GlobalSection(ProjectConfigurationPlatforms) = postSolution
		{F39D375E-0F8B-4CFA-BC4A-B64A3B4741D0}.Debug|Any CPU.ActiveCfg = Debug|Any CPU
		{F39D375E-0F8B-4CFA-BC4A-B64A3B4741D0}.Debug|Any CPU.Build.0 = Debug|Any CPU
		{F39D375E-0F8B-4CFA-BC4A-B64A3B4741D0}.Release|Any CPU.ActiveCfg = Release|Any CPU
		{F39D375E-0F8B-4CFA-BC4A-B64A3B4741D0}.Release|Any CPU.Build.0 = Release|Any CPU
	EndGlobalSection
	GlobalSection(SolutionProperties) = preSolution
		HideSolutionNode = FALSE
	EndGlobalSection
EndGlobal
